
Microsoft Visual Studio Solution File, Format Version 12.00
# Visual Studio Version 17
VisualStudioVersion = 17.10.35122.118
MinimumVisualStudioVersion = 10.0.40219.1
Project("{FAE04EC0-301F-11D3-BF4B-00C04F79EFBC}") = "WindowsFormsApp2", "WindowsFormsApp2\WindowsFormsApp2.csproj", "{961EDE71-7B4F-456B-8D9A-35138F42105E}"
EndProject
Global
	GlobalSection(SolutionConfigurationPlatforms) = preSolution
		Debug|Any CPU = Debug|Any CPU
		Release|Any CPU = Release|Any CPU
	EndGlobalSection
	GlobalSection(ProjectConfigurationPlatforms) = postSolution
		{961EDE71-7B4F-456B-8D9A-35138F42105E}.Debug|Any CPU.ActiveCfg = Debug|Any CPU
		{961EDE71-7B4F-456B-8D9A-35138F42105E}.Debug|Any CPU.Build.0 = Debug|Any CPU
		{961EDE71-7B4F-456B-8D9A-35138F42105E}.Release|Any CPU.ActiveCfg = Release|Any CPU
		{961EDE71-7B4F-456B-8D9A-35138F42105E}.Release|Any CPU.Build.0 = Release|Any CPU
	EndGlobalSection
	GlobalSection(SolutionProperties) = preSolution
		HideSolutionNode = FALSE
	EndGlobalSection
	GlobalSection(ExtensibilityGlobals) = postSolution
		SolutionGuid = {38C8F401-E2E0-4F98-94AB-668B33E710A5}
	EndGlobalSection
EndGlobal
