
Microsoft Visual Studio Solution File, Format Version 12.00
# Visual Studio Version 17
VisualStudioVersion = 17.10.35122.118
MinimumVisualStudioVersion = 10.0.40219.1
Project("{FAE04EC0-301F-11D3-BF4B-00C04F79EFBC}") = "WindowsFormsApp4", "WindowsFormsApp4\WindowsFormsApp4.csproj", "{71092C07-6625-4823-89F0-72C0D520A1C5}"
EndProject
Global
	GlobalSection(SolutionConfigurationPlatforms) = preSolution
		Debug|Any CPU = Debug|Any CPU
		Release|Any CPU = Release|Any CPU
	EndGlobalSection
	GlobalSection(ProjectConfigurationPlatforms) = postSolution
		{71092C07-6625-4823-89F0-72C0D520A1C5}.Debug|Any CPU.ActiveCfg = Debug|Any CPU
		{71092C07-6625-4823-89F0-72C0D520A1C5}.Debug|Any CPU.Build.0 = Debug|Any CPU
		{71092C07-6625-4823-89F0-72C0D520A1C5}.Release|Any CPU.ActiveCfg = Release|Any CPU
		{71092C07-6625-4823-89F0-72C0D520A1C5}.Release|Any CPU.Build.0 = Release|Any CPU
	EndGlobalSection
	GlobalSection(SolutionProperties) = preSolution
		HideSolutionNode = FALSE
	EndGlobalSection
	GlobalSection(ExtensibilityGlobals) = postSolution
		SolutionGuid = {9E26D357-8206-485B-84DB-7D2EFADC7A90}
	EndGlobalSection
EndGlobal
